// !$*UTF8*$!
{
	archiveVersion = 1;
	classes = {
	};
	objectVersion = 46;
	objects = {

/* Begin PBXBuildFile section */
		081641F71C4516F0009264BD /* AppDelegate.swift in Sources */ = {isa = PBXBuildFile; fileRef = 081641F61C4516F0009264BD /* AppDelegate.swift */; };
		081641F91C4516F0009264BD /* ViewController.swift in Sources */ = {isa = PBXBuildFile; fileRef = 081641F81C4516F0009264BD /* ViewController.swift */; };
		081641FC1C4516F0009264BD /* Main.storyboard in Resources */ = {isa = PBXBuildFile; fileRef = 081641FA1C4516F0009264BD /* Main.storyboard */; };
		081641FE1C4516F0009264BD /* Assets.xcassets in Resources */ = {isa = PBXBuildFile; fileRef = 081641FD1C4516F0009264BD /* Assets.xcassets */; };
		081642011C4516F0009264BD /* LaunchScreen.storyboard in Resources */ = {isa = PBXBuildFile; fileRef = 081641FF1C4516F0009264BD /* LaunchScreen.storyboard */; };
/* End PBXBuildFile section */

/* Begin PBXFileReference section */
		081641F31C4516F0009264BD /* Desafio Saude.app */ = {isa = PBXFileReference; explicitFileType = wrapper.application; includeInIndex = 0; path = "Desafio Saude.app"; sourceTree = BUILT_PRODUCTS_DIR; };
		081641F61C4516F0009264BD /* AppDelegate.swift */ = {isa = PBXFileReference; lastKnownFileType = sourcecode.swift; path = AppDelegate.swift; sourceTree = "<group>"; };
		081641F81C4516F0009264BD /* ViewController.swift */ = {isa = PBXFileReference; lastKnownFileType = sourcecode.swift; path = ViewController.swift; sourceTree = "<group>"; };
		081641FB1C4516F0009264BD /* Base */ = {isa = PBXFileReference; lastKnownFileType = file.storyboard; name = Base; path = Base.lproj/Main.storyboard; sourceTree = "<group>"; };
		081641FD1C4516F0009264BD /* Assets.xcassets */ = {isa = PBXFileReference; lastKnownFileType = folder.assetcatalog; path = Assets.xcassets; sourceTree = "<group>"; };
		081642001C4516F0009264BD /* Base */ = {isa = PBXFileReference; lastKnownFileType = file.storyboard; name = Base; path = Base.lproj/LaunchScreen.storyboard; sourceTree = "<group>"; };
		081642021C4516F0009264BD /* Info.plist */ = {isa = PBXFileReference; lastKnownFileType = text.plist.xml; path = Info.plist; sourceTree = "<group>"; };
/* End PBXFileReference section */

/* Begin PBXFrameworksBuildPhase section */
		081641F01C4516F0009264BD /* Frameworks */ = {
			isa = PBXFrameworksBuildPhase;
			buildActionMask = 2147483647;
			files = (
			);
			runOnlyForDeploymentPostprocessing = 0;
		};
/* End PBXFrameworksBuildPhase section */

/* Begin PBXGroup section */
		081641EA1C4516F0009264BD = {
			isa = PBXGroup;
			children = (
				081641F51C4516F0009264BD /* Desafio Saude */,
				081641F41C4516F0009264BD /* Products */,
			);
			sourceTree = "<group>";
		};
		081641F41C4516F0009264BD /* Products */ = {
			isa = PBXGroup;
			children = (
				081641F31C4516F0009264BD /* Desafio Saude.app */,
			);
			name = Products;
			sourceTree = "<group>";
		};
		081641F51C4516F0009264BD /* Desafio Saude */ = {
			isa = PBXGroup;
			children = (
				081641F61C4516F0009264BD /* AppDelegate.swift */,
				081641F81C4516F0009264BD /* ViewController.swift */,
				081641FA1C4516F0009264BD /* Main.storyboard */,
				081641FD1C4516F0009264BD /* Assets.xcassets */,
				081641FF1C4516F0009264BD /* LaunchScreen.storyboard */,
				081642021C4516F0009264BD /* Info.plist */,
			);
			path = "Desafio Saude";
			sourceTree = "<group>";
		};
/* End PBXGroup section */

/* Begin PBXNativeTarget section */
		081641F21C4516F0009264BD /* Desafio Saude */ = {
			isa = PBXNativeTarget;
			buildConfigurationList = 081642051C4516F0009264BD /* Build configuration list for PBXNativeTarget "Desafio Saude" */;
			buildPhases = (
				081641EF1C4516F0009264BD /* Sources */,
				081641F01C4516F0009264BD /* Frameworks */,
				081641F11C4516F0009264BD /* Resources */,
			);
			buildRules = (
			);
			dependencies = (
			);
			name = "Desafio Saude";
			productName = "Desafio Saude";
			productReference = 081641F31C4516F0009264BD /* Desafio Saude.app */;
			productType = "com.apple.product-type.application";
		};
/* End PBXNativeTarget section */

/* Begin PBXProject section */
		081641EB1C4516F0009264BD /* Project object */ = {
			isa = PBXProject;
			attributes = {
				LastSwiftUpdateCheck = 0720;
				LastUpgradeCheck = 0720;
				ORGANIZATIONNAME = "Daniel Agra";
				TargetAttributes = {
					081641F21C4516F0009264BD = {
						CreatedOnToolsVersion = 7.2;
					};
				};
			};
			buildConfigurationList = 081641EE1C4516F0009264BD /* Build configuration list for PBXProject "Desafio Saude" */;
			compatibilityVersion = "Xcode 3.2";
			developmentRegion = English;
			hasScannedForEncodings = 0;
			knownRegions = (
				en,
				Base,
			);
			mainGroup = 081641EA1C4516F0009264BD;
			productRefGroup = 081641F41C4516F0009264BD /* Products */;
			projectDirPath = "";
			projectRoot = "";
			targets = (
				081641F21C4516F0009264BD /* Desafio Saude */,
			);
		};
/* End PBXProject section */

/* Begin PBXResourcesBuildPhase section */
		081641F11C4516F0009264BD /* Resources */ = {
			isa = PBXResourcesBuildPhase;
			buildActionMask = 2147483647;
			files = (
				081642011C4516F0009264BD /* LaunchScreen.storyboard in Resources */,
				081641FE1C4516F0009264BD /* Assets.xcassets in Resources */,
				081641FC1C4516F0009264BD /* Main.storyboard in Resources */,
			);
			runOnlyForDeploymentPostprocessing = 0;
		};
/* End PBXResourcesBuildPhase section */

/* Begin PBXSourcesBuildPhase section */
		081641EF1C4516F0009264BD /* Sources */ = {
			isa = PBXSourcesBuildPhase;
			buildActionMask = 2147483647;
			files = (
				081641F91C4516F0009264BD /* ViewController.swift in Sources */,
				081641F71C4516F0009264BD /* AppDelegate.swift in Sources */,
			);
			runOnlyForDeploymentPostprocessing = 0;
		};
/* End PBXSourcesBuildPhase section */

/* Begin PBXVariantGroup section */
		081641FA1C4516F0009264BD /* Main.storyboard */ = {
			isa = PBXVariantGroup;
			children = (
				081641FB1C4516F0009264BD /* Base */,
			);
			name = Main.storyboard;
			sourceTree = "<group>";
		};
		081641FF1C4516F0009264BD /* LaunchScreen.storyboard */ = {
			isa = PBXVariantGroup;
			children = (
				081642001C4516F0009264BD /* Base */,
			);
			name = LaunchScreen.storyboard;
			sourceTree = "<group>";
		};
/* End PBXVariantGroup section */

/* Begin XCBuildConfiguration section */
		081642031C4516F0009264BD /* Debug */ = {
			isa = XCBuildConfiguration;
			buildSettings = {
				ALWAYS_SEARCH_USER_PATHS = NO;
				CLANG_CXX_LANGUAGE_STANDARD = "gnu++0x";
				CLANG_CXX_LIBRARY = "libc++";
				CLANG_ENABLE_MODULES = YES;
				CLANG_ENABLE_OBJC_ARC = YES;
				CLANG_WARN_BOOL_CONVERSION = YES;
				CLANG_WARN_CONSTANT_CONVERSION = YES;
				CLANG_WARN_DIRECT_OBJC_ISA_USAGE = YES_ERROR;
				CLANG_WARN_EMPTY_BODY = YES;
				CLANG_WARN_ENUM_CONVERSION = YES;
				CLANG_WARN_INT_CONVERSION = YES;
				CLANG_WARN_OBJC_ROOT_CLASS = YES_ERROR;
				CLANG_WARN_UNREACHABLE_CODE = YES;
				CLANG_WARN__DUPLICATE_METHOD_MATCH = YES;
				"CODE_SIGN_IDENTITY[sdk=iphoneos*]" = "iPhone Developer";
				COPY_PHASE_STRIP = NO;
				DEBUG_INFORMATION_FORMAT = dwarf;
				ENABLE_STRICT_OBJC_MSGSEND = YES;
				ENABLE_TESTABILITY = YES;
				GCC_C_LANGUAGE_STANDARD = gnu99;
				GCC_DYNAMIC_NO_PIC = NO;
				GCC_NO_COMMON_BLOCKS = YES;
				GCC_OPTIMIZATION_LEVEL = 0;
				GCC_PREPROCESSOR_DEFINITIONS = (
					"DEBUG=1",
					"$(inherited)",
				);
				GCC_WARN_64_TO_32_BIT_CONVERSION = YES;
				GCC_WARN_ABOUT_RETURN_TYPE = YES_ERROR;
				GCC_WARN_UNDECLARED_SELECTOR = YES;
				GCC_WARN_UNINITIALIZED_AUTOS = YES_AGGRESSIVE;
				GCC_WARN_UNUSED_FUNCTION = YES;
				GCC_WARN_UNUSED_VARIABLE = YES;
				IPHONEOS_DEPLOYMENT_TARGET = 9.2;
				MTL_ENABLE_DEBUG_INFO = YES;
				ONLY_ACTIVE_ARCH = YES;
				SDKROOT = iphoneos;
				SWIFT_OPTIMIZATION_LEVEL = "-Onone";
			};
			name = Debug;
		};
		081642041C4516F0009264BD /* Release */ = {
			isa = XCBuildConfiguration;
			buildSettings = {
				ALWAYS_SEARCH_USER_PATHS = NO;
				CLANG_CXX_LANGUAGE_STANDARD = "gnu++0x";
				CLANG_CXX_LIBRARY = "libc++";
				CLANG_ENABLE_MODULES = YES;
				CLANG_ENABLE_OBJC_ARC = YES;
				CLANG_WARN_BOOL_CONVERSION = YES;
				CLANG_WARN_CONSTANT_CONVERSION = YES;
				CLANG_WARN_DIRECT_OBJC_ISA_USAGE = YES_ERROR;
				CLANG_WARN_EMPTY_BODY = YES;
				CLANG_WARN_ENUM_CONVERSION = YES;
				CLANG_WARN_INT_CONVERSION = YES;
				CLANG_WARN_OBJC_ROOT_CLASS = YES_ERROR;
				CLANG_WARN_UNREACHABLE_CODE = YES;
				CLANG_WARN__DUPLICATE_METHOD_MATCH = YES;
				"CODE_SIGN_IDENTITY[sdk=iphoneos*]" = "iPhone Developer";
				COPY_PHASE_STRIP = NO;
				DEBUG_INFORMATION_FORMAT = "dwarf-with-dsym";
				ENABLE_NS_ASSERTIONS = NO;
				ENABLE_STRICT_OBJC_MSGSEND = YES;
				GCC_C_LANGUAGE_STANDARD = gnu99;
				GCC_NO_COMMON_BLOCKS = YES;
				GCC_WARN_64_TO_32_BIT_CONVERSION = YES;
				GCC_WARN_ABOUT_RETURN_TYPE = YES_ERROR;
				GCC_WARN_UNDECLARED_SELECTOR = YES;
				GCC_WARN_UNINITIALIZED_AUTOS = YES_AGGRESSIVE;
				GCC_WARN_UNUSED_FUNCTION = YES;
				GCC_WARN_UNUSED_VARIABLE = YES;
				IPHONEOS_DEPLOYMENT_TARGET = 9.2;
				MTL_ENABLE_DEBUG_INFO = NO;
				SDKROOT = iphoneos;
				VALIDATE_PRODUCT = YES;
			};
			name = Release;
		};
		081642061C4516F0009264BD /* Debug */ = {
			isa = XCBuildConfiguration;
			buildSettings = {
				ASSETCATALOG_COMPILER_APPICON_NAME = AppIcon;
				INFOPLIST_FILE = "Desafio Saude/Info.plist";
				LD_RUNPATH_SEARCH_PATHS = "$(inherited) @executable_path/Frameworks";
				PRODUCT_BUNDLE_IDENTIFIER = "daniel.agra.Desafio-Saude";
				PRODUCT_NAME = "$(TARGET_NAME)";
			};
			name = Debug;
		};
		081642071C4516F0009264BD /* Release */ = {
			isa = XCBuildConfiguration;
			buildSettings = {
				ASSETCATALOG_COMPILER_APPICON_NAME = AppIcon;
				INFOPLIST_FILE = "Desafio Saude/Info.plist";
				LD_RUNPATH_SEARCH_PATHS = "$(inherited) @executable_path/Frameworks";
				PRODUCT_BUNDLE_IDENTIFIER = "daniel.agra.Desafio-Saude";
				PRODUCT_NAME = "$(TARGET_NAME)";
			};
			name = Release;
		};
/* End XCBuildConfiguration section */

/* Begin XCConfigurationList section */
		081641EE1C4516F0009264BD /* Build configuration list for PBXProject "Desafio Saude" */ = {
			isa = XCConfigurationList;
			buildConfigurations = (
				081642031C4516F0009264BD /* Debug */,
				081642041C4516F0009264BD /* Release */,
			);
			defaultConfigurationIsVisible = 0;
			defaultConfigurationName = Release;
		};
		081642051C4516F0009264BD /* Build configuration list for PBXNativeTarget "Desafio Saude" */ = {
			isa = XCConfigurationList;
			buildConfigurations = (
				081642061C4516F0009264BD /* Debug */,
				081642071C4516F0009264BD /* Release */,
			);
			defaultConfigurationIsVisible = 0;
		};
/* End XCConfigurationList section */
	};
	rootObject = 081641EB1C4516F0009264BD /* Project object */;
}
